// !$*UTF8*$!
{
	archiveVersion = 1;
	classes = {
	};
	objectVersion = 50;
	objects = {

/* Begin PBXBuildFile section */
		FFBA9B722434D6F000FBDAAD /* Hacker_Smacker.entitlements in Resources */ = {isa = PBXBuildFile; fileRef = FFBA9B712434D6F000FBDAAD /* Hacker_Smacker.entitlements */; };
		FFBA9B742434D6F000FBDAAD /* AppDelegate.swift in Sources */ = {isa = PBXBuildFile; fileRef = FFBA9B732434D6F000FBDAAD /* AppDelegate.swift */; };
		FFBA9B772434D6F000FBDAAD /* Main.storyboard in Resources */ = {isa = PBXBuildFile; fileRef = FFBA9B752434D6F000FBDAAD /* Main.storyboard */; };
		FFBA9B792434D6F000FBDAAD /* ViewController.swift in Sources */ = {isa = PBXBuildFile; fileRef = FFBA9B782434D6F000FBDAAD /* ViewController.swift */; };
		FFBA9B7B2434D6F100FBDAAD /* Assets.xcassets in Resources */ = {isa = PBXBuildFile; fileRef = FFBA9B7A2434D6F100FBDAAD /* Assets.xcassets */; };
		FFBA9B822434D6F100FBDAAD /* Hacker Smacker Extension.appex in Embed App Extensions */ = {isa = PBXBuildFile; fileRef = FFBA9B812434D6F100FBDAAD /* Hacker Smacker Extension.appex */; settings = {ATTRIBUTES = (RemoveHeadersOnCopy, ); }; };
		FFBA9B872434D6F100FBDAAD /* Cocoa.framework in Frameworks */ = {isa = PBXBuildFile; fileRef = FFBA9B862434D6F100FBDAAD /* Cocoa.framework */; };
		FFBA9B8A2434D6F100FBDAAD /* SafariExtensionHandler.swift in Sources */ = {isa = PBXBuildFile; fileRef = FFBA9B892434D6F100FBDAAD /* SafariExtensionHandler.swift */; };
		FFBA9B8C2434D6F100FBDAAD /* SafariExtensionViewController.swift in Sources */ = {isa = PBXBuildFile; fileRef = FFBA9B8B2434D6F100FBDAAD /* SafariExtensionViewController.swift */; };
		FFBA9B8F2434D6F100FBDAAD /* SafariExtensionViewController.xib in Resources */ = {isa = PBXBuildFile; fileRef = FFBA9B8D2434D6F100FBDAAD /* SafariExtensionViewController.xib */; };
		FFBA9BA32434D93600FBDAAD /* underscore-1.2.3.min.js in Resources */ = {isa = PBXBuildFile; fileRef = FFBA9B9F2434D93600FBDAAD /* underscore-1.2.3.min.js */; };
		FFBA9BA42434D93600FBDAAD /* jquery.easing.js in Resources */ = {isa = PBXBuildFile; fileRef = FFBA9BA02434D93600FBDAAD /* jquery.easing.js */; };
		FFBA9BA52434D93600FBDAAD /* client.css in Resources */ = {isa = PBXBuildFile; fileRef = FFBA9BA12434D93600FBDAAD /* client.css */; };
		FFBA9BA62434D93600FBDAAD /* jquery-171.min.js in Resources */ = {isa = PBXBuildFile; fileRef = FFBA9BA22434D93600FBDAAD /* jquery-171.min.js */; };
		FFBA9BA82434DA2600FBDAAD /* client.js in Resources */ = {isa = PBXBuildFile; fileRef = FFBA9BA72434DA2600FBDAAD /* client.js */; };
/* End PBXBuildFile section */

/* Begin PBXContainerItemProxy section */
		FFBA9B832434D6F100FBDAAD /* PBXContainerItemProxy */ = {
			isa = PBXContainerItemProxy;
			containerPortal = FFBA9B662434D6F000FBDAAD /* Project object */;
			proxyType = 1;
			remoteGlobalIDString = FFBA9B802434D6F100FBDAAD;
			remoteInfo = "Hacker Smacker Extension";
		};
/* End PBXContainerItemProxy section */

/* Begin PBXCopyFilesBuildPhase section */
		FFBA9B9B2434D6F100FBDAAD /* Embed App Extensions */ = {
			isa = PBXCopyFilesBuildPhase;
			buildActionMask = 2147483647;
			dstPath = "";
			dstSubfolderSpec = 13;
			files = (
				FFBA9B822434D6F100FBDAAD /* Hacker Smacker Extension.appex in Embed App Extensions */,
			);
			name = "Embed App Extensions";
			runOnlyForDeploymentPostprocessing = 0;
		};
/* End PBXCopyFilesBuildPhase section */

/* Begin PBXFileReference section */
		FFBA9B6E2434D6F000FBDAAD /* Hacker Smacker.app */ = {isa = PBXFileReference; explicitFileType = wrapper.application; includeInIndex = 0; path = "Hacker Smacker.app"; sourceTree = BUILT_PRODUCTS_DIR; };
		FFBA9B712434D6F000FBDAAD /* Hacker_Smacker.entitlements */ = {isa = PBXFileReference; lastKnownFileType = text.plist.entitlements; path = Hacker_Smacker.entitlements; sourceTree = "<group>"; };
		FFBA9B732434D6F000FBDAAD /* AppDelegate.swift */ = {isa = PBXFileReference; lastKnownFileType = sourcecode.swift; path = AppDelegate.swift; sourceTree = "<group>"; };
		FFBA9B762434D6F000FBDAAD /* Base */ = {isa = PBXFileReference; lastKnownFileType = file.storyboard; name = Base; path = Base.lproj/Main.storyboard; sourceTree = "<group>"; };
		FFBA9B782434D6F000FBDAAD /* ViewController.swift */ = {isa = PBXFileReference; lastKnownFileType = sourcecode.swift; path = ViewController.swift; sourceTree = "<group>"; };
		FFBA9B7A2434D6F100FBDAAD /* Assets.xcassets */ = {isa = PBXFileReference; lastKnownFileType = folder.assetcatalog; path = Assets.xcassets; sourceTree = "<group>"; };
		FFBA9B7C2434D6F100FBDAAD /* Info.plist */ = {isa = PBXFileReference; lastKnownFileType = text.plist.xml; path = Info.plist; sourceTree = "<group>"; };
		FFBA9B812434D6F100FBDAAD /* Hacker Smacker Extension.appex */ = {isa = PBXFileReference; explicitFileType = "wrapper.app-extension"; includeInIndex = 0; path = "Hacker Smacker Extension.appex"; sourceTree = BUILT_PRODUCTS_DIR; };
		FFBA9B862434D6F100FBDAAD /* Cocoa.framework */ = {isa = PBXFileReference; lastKnownFileType = wrapper.framework; name = Cocoa.framework; path = System/Library/Frameworks/Cocoa.framework; sourceTree = SDKROOT; };
		FFBA9B892434D6F100FBDAAD /* SafariExtensionHandler.swift */ = {isa = PBXFileReference; lastKnownFileType = sourcecode.swift; path = SafariExtensionHandler.swift; sourceTree = "<group>"; };
		FFBA9B8B2434D6F100FBDAAD /* SafariExtensionViewController.swift */ = {isa = PBXFileReference; lastKnownFileType = sourcecode.swift; path = SafariExtensionViewController.swift; sourceTree = "<group>"; };
		FFBA9B8E2434D6F100FBDAAD /* Base */ = {isa = PBXFileReference; lastKnownFileType = file.xib; name = Base; path = Base.lproj/SafariExtensionViewController.xib; sourceTree = "<group>"; };
		FFBA9B902434D6F100FBDAAD /* Info.plist */ = {isa = PBXFileReference; lastKnownFileType = text.plist.xml; path = Info.plist; sourceTree = "<group>"; };
		FFBA9B952434D6F100FBDAAD /* Hacker_Smacker_Extension.entitlements */ = {isa = PBXFileReference; lastKnownFileType = text.plist.entitlements; path = Hacker_Smacker_Extension.entitlements; sourceTree = "<group>"; };
		FFBA9B9F2434D93600FBDAAD /* underscore-1.2.3.min.js */ = {isa = PBXFileReference; fileEncoding = 4; lastKnownFileType = sourcecode.javascript; name = "underscore-1.2.3.min.js"; path = "../../archive/Hacker Smacker/HackerSmacker/underscore-1.2.3.min.js"; sourceTree = "<group>"; };
		FFBA9BA02434D93600FBDAAD /* jquery.easing.js */ = {isa = PBXFileReference; fileEncoding = 4; lastKnownFileType = sourcecode.javascript; name = jquery.easing.js; path = "../../archive/Hacker Smacker/HackerSmacker/jquery.easing.js"; sourceTree = "<group>"; };
		FFBA9BA12434D93600FBDAAD /* client.css */ = {isa = PBXFileReference; fileEncoding = 4; lastKnownFileType = text.css; name = client.css; path = "../../archive/Hacker Smacker/HackerSmacker/client.css"; sourceTree = "<group>"; };
		FFBA9BA22434D93600FBDAAD /* jquery-171.min.js */ = {isa = PBXFileReference; fileEncoding = 4; lastKnownFileType = sourcecode.javascript; name = "jquery-171.min.js"; path = "../../archive/Hacker Smacker/HackerSmacker/jquery-171.min.js"; sourceTree = "<group>"; };
		FFBA9BA72434DA2600FBDAAD /* client.js */ = {isa = PBXFileReference; fileEncoding = 4; lastKnownFileType = sourcecode.javascript; name = client.js; path = "../../archive/Hacker Smacker/HackerSmacker/client.js"; sourceTree = "<group>"; };
/* End PBXFileReference section */

/* Begin PBXFrameworksBuildPhase section */
		FFBA9B6B2434D6F000FBDAAD /* Frameworks */ = {
			isa = PBXFrameworksBuildPhase;
			buildActionMask = 2147483647;
			files = (
			);
			runOnlyForDeploymentPostprocessing = 0;
		};
		FFBA9B7E2434D6F100FBDAAD /* Frameworks */ = {
			isa = PBXFrameworksBuildPhase;
			buildActionMask = 2147483647;
			files = (
				FFBA9B872434D6F100FBDAAD /* Cocoa.framework in Frameworks */,
			);
			runOnlyForDeploymentPostprocessing = 0;
		};
/* End PBXFrameworksBuildPhase section */

/* Begin PBXGroup section */
		FFBA9B652434D6F000FBDAAD = {
			isa = PBXGroup;
			children = (
				FFBA9B702434D6F000FBDAAD /* Hacker Smacker */,
				FFBA9B882434D6F100FBDAAD /* Hacker Smacker Extension */,
				FFBA9B852434D6F100FBDAAD /* Frameworks */,
				FFBA9B6F2434D6F000FBDAAD /* Products */,
			);
			sourceTree = "<group>";
		};
		FFBA9B6F2434D6F000FBDAAD /* Products */ = {
			isa = PBXGroup;
			children = (
				FFBA9B6E2434D6F000FBDAAD /* Hacker Smacker.app */,
				FFBA9B812434D6F100FBDAAD /* Hacker Smacker Extension.appex */,
			);
			name = Products;
			sourceTree = "<group>";
		};
		FFBA9B702434D6F000FBDAAD /* Hacker Smacker */ = {
			isa = PBXGroup;
			children = (
				FFBA9B712434D6F000FBDAAD /* Hacker_Smacker.entitlements */,
				FFBA9B732434D6F000FBDAAD /* AppDelegate.swift */,
				FFBA9B752434D6F000FBDAAD /* Main.storyboard */,
				FFBA9B782434D6F000FBDAAD /* ViewController.swift */,
				FFBA9B7A2434D6F100FBDAAD /* Assets.xcassets */,
				FFBA9B7C2434D6F100FBDAAD /* Info.plist */,
			);
			path = "Hacker Smacker";
			sourceTree = "<group>";
		};
		FFBA9B852434D6F100FBDAAD /* Frameworks */ = {
			isa = PBXGroup;
			children = (
				FFBA9B862434D6F100FBDAAD /* Cocoa.framework */,
			);
			name = Frameworks;
			sourceTree = "<group>";
		};
		FFBA9B882434D6F100FBDAAD /* Hacker Smacker Extension */ = {
			isa = PBXGroup;
			children = (
				FFBA9B892434D6F100FBDAAD /* SafariExtensionHandler.swift */,
				FFBA9B8B2434D6F100FBDAAD /* SafariExtensionViewController.swift */,
				FFBA9B8D2434D6F100FBDAAD /* SafariExtensionViewController.xib */,
				FFBA9B902434D6F100FBDAAD /* Info.plist */,
				FFBA9BA72434DA2600FBDAAD /* client.js */,
				FFBA9BA12434D93600FBDAAD /* client.css */,
				FFBA9BA22434D93600FBDAAD /* jquery-171.min.js */,
				FFBA9BA02434D93600FBDAAD /* jquery.easing.js */,
				FFBA9B9F2434D93600FBDAAD /* underscore-1.2.3.min.js */,
				FFBA9B952434D6F100FBDAAD /* Hacker_Smacker_Extension.entitlements */,
			);
			path = "Hacker Smacker Extension";
			sourceTree = "<group>";
		};
/* End PBXGroup section */

/* Begin PBXNativeTarget section */
		FFBA9B6D2434D6F000FBDAAD /* Hacker Smacker */ = {
			isa = PBXNativeTarget;
			buildConfigurationList = FFBA9B9C2434D6F100FBDAAD /* Build configuration list for PBXNativeTarget "Hacker Smacker" */;
			buildPhases = (
				FFBA9B6A2434D6F000FBDAAD /* Sources */,
				FFBA9B6B2434D6F000FBDAAD /* Frameworks */,
				FFBA9B6C2434D6F000FBDAAD /* Resources */,
				FFBA9B9B2434D6F100FBDAAD /* Embed App Extensions */,
			);
			buildRules = (
			);
			dependencies = (
				FFBA9B842434D6F100FBDAAD /* PBXTargetDependency */,
			);
			name = "Hacker Smacker";
			productName = "Hacker Smacker";
			productReference = FFBA9B6E2434D6F000FBDAAD /* Hacker Smacker.app */;
			productType = "com.apple.product-type.application";
		};
		FFBA9B802434D6F100FBDAAD /* Hacker Smacker Extension */ = {
			isa = PBXNativeTarget;
			buildConfigurationList = FFBA9B982434D6F100FBDAAD /* Build configuration list for PBXNativeTarget "Hacker Smacker Extension" */;
			buildPhases = (
				FFBA9B7D2434D6F100FBDAAD /* Sources */,
				FFBA9B7E2434D6F100FBDAAD /* Frameworks */,
				FFBA9B7F2434D6F100FBDAAD /* Resources */,
			);
			buildRules = (
			);
			dependencies = (
			);
			name = "Hacker Smacker Extension";
			productName = "Hacker Smacker Extension";
			productReference = FFBA9B812434D6F100FBDAAD /* Hacker Smacker Extension.appex */;
			productType = "com.apple.product-type.app-extension";
		};
/* End PBXNativeTarget section */

/* Begin PBXProject section */
		FFBA9B662434D6F000FBDAAD /* Project object */ = {
			isa = PBXProject;
			attributes = {
				LastSwiftUpdateCheck = 1130;
				LastUpgradeCheck = 1130;
				ORGANIZATIONNAME = hackersmacker;
				TargetAttributes = {
					FFBA9B6D2434D6F000FBDAAD = {
						CreatedOnToolsVersion = 11.3.1;
					};
					FFBA9B802434D6F100FBDAAD = {
						CreatedOnToolsVersion = 11.3.1;
					};
				};
			};
			buildConfigurationList = FFBA9B692434D6F000FBDAAD /* Build configuration list for PBXProject "Hacker Smacker" */;
			compatibilityVersion = "Xcode 9.3";
			developmentRegion = en;
			hasScannedForEncodings = 0;
			knownRegions = (
				en,
				Base,
			);
			mainGroup = FFBA9B652434D6F000FBDAAD;
			productRefGroup = FFBA9B6F2434D6F000FBDAAD /* Products */;
			projectDirPath = "";
			projectRoot = "";
			targets = (
				FFBA9B6D2434D6F000FBDAAD /* Hacker Smacker */,
				FFBA9B802434D6F100FBDAAD /* Hacker Smacker Extension */,
			);
		};
/* End PBXProject section */

/* Begin PBXResourcesBuildPhase section */
		FFBA9B6C2434D6F000FBDAAD /* Resources */ = {
			isa = PBXResourcesBuildPhase;
			buildActionMask = 2147483647;
			files = (
				FFBA9B722434D6F000FBDAAD /* Hacker_Smacker.entitlements in Resources */,
				FFBA9B7B2434D6F100FBDAAD /* Assets.xcassets in Resources */,
				FFBA9B772434D6F000FBDAAD /* Main.storyboard in Resources */,
			);
			runOnlyForDeploymentPostprocessing = 0;
		};
		FFBA9B7F2434D6F100FBDAAD /* Resources */ = {
			isa = PBXResourcesBuildPhase;
			buildActionMask = 2147483647;
			files = (
				FFBA9BA42434D93600FBDAAD /* jquery.easing.js in Resources */,
				FFBA9BA52434D93600FBDAAD /* client.css in Resources */,
				FFBA9BA32434D93600FBDAAD /* underscore-1.2.3.min.js in Resources */,
				FFBA9BA82434DA2600FBDAAD /* client.js in Resources */,
				FFBA9B8F2434D6F100FBDAAD /* SafariExtensionViewController.xib in Resources */,
				FFBA9BA62434D93600FBDAAD /* jquery-171.min.js in Resources */,
			);
			runOnlyForDeploymentPostprocessing = 0;
		};
/* End PBXResourcesBuildPhase section */

/* Begin PBXSourcesBuildPhase section */
		FFBA9B6A2434D6F000FBDAAD /* Sources */ = {
			isa = PBXSourcesBuildPhase;
			buildActionMask = 2147483647;
			files = (
				FFBA9B792434D6F000FBDAAD /* ViewController.swift in Sources */,
				FFBA9B742434D6F000FBDAAD /* AppDelegate.swift in Sources */,
			);
			runOnlyForDeploymentPostprocessing = 0;
		};
		FFBA9B7D2434D6F100FBDAAD /* Sources */ = {
			isa = PBXSourcesBuildPhase;
			buildActionMask = 2147483647;
			files = (
				FFBA9B8C2434D6F100FBDAAD /* SafariExtensionViewController.swift in Sources */,
				FFBA9B8A2434D6F100FBDAAD /* SafariExtensionHandler.swift in Sources */,
			);
			runOnlyForDeploymentPostprocessing = 0;
		};
/* End PBXSourcesBuildPhase section */

/* Begin PBXTargetDependency section */
		FFBA9B842434D6F100FBDAAD /* PBXTargetDependency */ = {
			isa = PBXTargetDependency;
			target = FFBA9B802434D6F100FBDAAD /* Hacker Smacker Extension */;
			targetProxy = FFBA9B832434D6F100FBDAAD /* PBXContainerItemProxy */;
		};
/* End PBXTargetDependency section */

/* Begin PBXVariantGroup section */
		FFBA9B752434D6F000FBDAAD /* Main.storyboard */ = {
			isa = PBXVariantGroup;
			children = (
				FFBA9B762434D6F000FBDAAD /* Base */,
			);
			name = Main.storyboard;
			sourceTree = "<group>";
		};
		FFBA9B8D2434D6F100FBDAAD /* SafariExtensionViewController.xib */ = {
			isa = PBXVariantGroup;
			children = (
				FFBA9B8E2434D6F100FBDAAD /* Base */,
			);
			name = SafariExtensionViewController.xib;
			sourceTree = "<group>";
		};
/* End PBXVariantGroup section */

/* Begin XCBuildConfiguration section */
		FFBA9B962434D6F100FBDAAD /* Debug */ = {
			isa = XCBuildConfiguration;
			buildSettings = {
				ALWAYS_SEARCH_USER_PATHS = NO;
				CLANG_ANALYZER_NONNULL = YES;
				CLANG_ANALYZER_NUMBER_OBJECT_CONVERSION = YES_AGGRESSIVE;
				CLANG_CXX_LANGUAGE_STANDARD = "gnu++14";
				CLANG_CXX_LIBRARY = "libc++";
				CLANG_ENABLE_MODULES = YES;
				CLANG_ENABLE_OBJC_ARC = YES;
				CLANG_ENABLE_OBJC_WEAK = YES;
				CLANG_WARN_BLOCK_CAPTURE_AUTORELEASING = YES;
				CLANG_WARN_BOOL_CONVERSION = YES;
				CLANG_WARN_COMMA = YES;
				CLANG_WARN_CONSTANT_CONVERSION = YES;
				CLANG_WARN_DEPRECATED_OBJC_IMPLEMENTATIONS = YES;
				CLANG_WARN_DIRECT_OBJC_ISA_USAGE = YES_ERROR;
				CLANG_WARN_DOCUMENTATION_COMMENTS = YES;
				CLANG_WARN_EMPTY_BODY = YES;
				CLANG_WARN_ENUM_CONVERSION = YES;
				CLANG_WARN_INFINITE_RECURSION = YES;
				CLANG_WARN_INT_CONVERSION = YES;
				CLANG_WARN_NON_LITERAL_NULL_CONVERSION = YES;
				CLANG_WARN_OBJC_IMPLICIT_RETAIN_SELF = YES;
				CLANG_WARN_OBJC_LITERAL_CONVERSION = YES;
				CLANG_WARN_OBJC_ROOT_CLASS = YES_ERROR;
				CLANG_WARN_RANGE_LOOP_ANALYSIS = YES;
				CLANG_WARN_STRICT_PROTOTYPES = YES;
				CLANG_WARN_SUSPICIOUS_MOVE = YES;
				CLANG_WARN_UNGUARDED_AVAILABILITY = YES_AGGRESSIVE;
				CLANG_WARN_UNREACHABLE_CODE = YES;
				CLANG_WARN__DUPLICATE_METHOD_MATCH = YES;
				COPY_PHASE_STRIP = NO;
				DEBUG_INFORMATION_FORMAT = dwarf;
				ENABLE_STRICT_OBJC_MSGSEND = YES;
				ENABLE_TESTABILITY = YES;
				GCC_C_LANGUAGE_STANDARD = gnu11;
				GCC_DYNAMIC_NO_PIC = NO;
				GCC_NO_COMMON_BLOCKS = YES;
				GCC_OPTIMIZATION_LEVEL = 0;
				GCC_PREPROCESSOR_DEFINITIONS = (
					"DEBUG=1",
					"$(inherited)",
				);
				GCC_WARN_64_TO_32_BIT_CONVERSION = YES;
				GCC_WARN_ABOUT_RETURN_TYPE = YES_ERROR;
				GCC_WARN_UNDECLARED_SELECTOR = YES;
				GCC_WARN_UNINITIALIZED_AUTOS = YES_AGGRESSIVE;
				GCC_WARN_UNUSED_FUNCTION = YES;
				GCC_WARN_UNUSED_VARIABLE = YES;
				MACOSX_DEPLOYMENT_TARGET = 10.15;
				MTL_ENABLE_DEBUG_INFO = INCLUDE_SOURCE;
				MTL_FAST_MATH = YES;
				ONLY_ACTIVE_ARCH = YES;
				SDKROOT = macosx;
				SWIFT_ACTIVE_COMPILATION_CONDITIONS = DEBUG;
				SWIFT_OPTIMIZATION_LEVEL = "-Onone";
			};
			name = Debug;
		};
		FFBA9B972434D6F100FBDAAD /* Release */ = {
			isa = XCBuildConfiguration;
			buildSettings = {
				ALWAYS_SEARCH_USER_PATHS = NO;
				CLANG_ANALYZER_NONNULL = YES;
				CLANG_ANALYZER_NUMBER_OBJECT_CONVERSION = YES_AGGRESSIVE;
				CLANG_CXX_LANGUAGE_STANDARD = "gnu++14";
				CLANG_CXX_LIBRARY = "libc++";
				CLANG_ENABLE_MODULES = YES;
				CLANG_ENABLE_OBJC_ARC = YES;
				CLANG_ENABLE_OBJC_WEAK = YES;
				CLANG_WARN_BLOCK_CAPTURE_AUTORELEASING = YES;
				CLANG_WARN_BOOL_CONVERSION = YES;
				CLANG_WARN_COMMA = YES;
				CLANG_WARN_CONSTANT_CONVERSION = YES;
				CLANG_WARN_DEPRECATED_OBJC_IMPLEMENTATIONS = YES;
				CLANG_WARN_DIRECT_OBJC_ISA_USAGE = YES_ERROR;
				CLANG_WARN_DOCUMENTATION_COMMENTS = YES;
				CLANG_WARN_EMPTY_BODY = YES;
				CLANG_WARN_ENUM_CONVERSION = YES;
				CLANG_WARN_INFINITE_RECURSION = YES;
				CLANG_WARN_INT_CONVERSION = YES;
				CLANG_WARN_NON_LITERAL_NULL_CONVERSION = YES;
				CLANG_WARN_OBJC_IMPLICIT_RETAIN_SELF = YES;
				CLANG_WARN_OBJC_LITERAL_CONVERSION = YES;
				CLANG_WARN_OBJC_ROOT_CLASS = YES_ERROR;
				CLANG_WARN_RANGE_LOOP_ANALYSIS = YES;
				CLANG_WARN_STRICT_PROTOTYPES = YES;
				CLANG_WARN_SUSPICIOUS_MOVE = YES;
				CLANG_WARN_UNGUARDED_AVAILABILITY = YES_AGGRESSIVE;
				CLANG_WARN_UNREACHABLE_CODE = YES;
				CLANG_WARN__DUPLICATE_METHOD_MATCH = YES;
				COPY_PHASE_STRIP = NO;
				DEBUG_INFORMATION_FORMAT = "dwarf-with-dsym";
				ENABLE_NS_ASSERTIONS = NO;
				ENABLE_STRICT_OBJC_MSGSEND = YES;
				GCC_C_LANGUAGE_STANDARD = gnu11;
				GCC_NO_COMMON_BLOCKS = YES;
				GCC_WARN_64_TO_32_BIT_CONVERSION = YES;
				GCC_WARN_ABOUT_RETURN_TYPE = YES_ERROR;
				GCC_WARN_UNDECLARED_SELECTOR = YES;
				GCC_WARN_UNINITIALIZED_AUTOS = YES_AGGRESSIVE;
				GCC_WARN_UNUSED_FUNCTION = YES;
				GCC_WARN_UNUSED_VARIABLE = YES;
				MACOSX_DEPLOYMENT_TARGET = 10.15;
				MTL_ENABLE_DEBUG_INFO = NO;
				MTL_FAST_MATH = YES;
				SDKROOT = macosx;
				SWIFT_COMPILATION_MODE = wholemodule;
				SWIFT_OPTIMIZATION_LEVEL = "-O";
			};
			name = Release;
		};
		FFBA9B992434D6F100FBDAAD /* Debug */ = {
			isa = XCBuildConfiguration;
			buildSettings = {
				CODE_SIGN_ENTITLEMENTS = "Hacker Smacker Extension/Hacker_Smacker_Extension.entitlements";
				CODE_SIGN_STYLE = Automatic;
				CURRENT_PROJECT_VERSION = 2;
				DEVELOPMENT_TEAM = HR7P97SD72;
				ENABLE_HARDENED_RUNTIME = YES;
				INFOPLIST_FILE = "Hacker Smacker Extension/Info.plist";
				LD_RUNPATH_SEARCH_PATHS = (
					"$(inherited)",
					"@executable_path/../Frameworks",
					"@executable_path/../../../../Frameworks",
				);
				PRODUCT_BUNDLE_IDENTIFIER = "com.hackersmacker.Hacker-Smacker.Hacker-Smacker-Extension";
				PRODUCT_NAME = "$(TARGET_NAME)";
				SKIP_INSTALL = YES;
				SWIFT_VERSION = 5.0;
			};
			name = Debug;
		};
		FFBA9B9A2434D6F100FBDAAD /* Release */ = {
			isa = XCBuildConfiguration;
			buildSettings = {
				CODE_SIGN_ENTITLEMENTS = "Hacker Smacker Extension/Hacker_Smacker_Extension.entitlements";
				CODE_SIGN_STYLE = Automatic;
				CURRENT_PROJECT_VERSION = 2;
				DEVELOPMENT_TEAM = HR7P97SD72;
				ENABLE_HARDENED_RUNTIME = YES;
				INFOPLIST_FILE = "Hacker Smacker Extension/Info.plist";
				LD_RUNPATH_SEARCH_PATHS = (
					"$(inherited)",
					"@executable_path/../Frameworks",
					"@executable_path/../../../../Frameworks",
				);
				PRODUCT_BUNDLE_IDENTIFIER = "com.hackersmacker.Hacker-Smacker.Hacker-Smacker-Extension";
				PRODUCT_NAME = "$(TARGET_NAME)";
				SKIP_INSTALL = YES;
				SWIFT_VERSION = 5.0;
			};
			name = Release;
		};
		FFBA9B9D2434D6F100FBDAAD /* Debug */ = {
			isa = XCBuildConfiguration;
			buildSettings = {
				ALWAYS_EMBED_SWIFT_STANDARD_LIBRARIES = YES;
				ASSETCATALOG_COMPILER_APPICON_NAME = AppIcon;
				CODE_SIGN_ENTITLEMENTS = "Hacker Smacker/Hacker_Smacker.entitlements";
				CODE_SIGN_STYLE = Automatic;
				COMBINE_HIDPI_IMAGES = YES;
				CURRENT_PROJECT_VERSION = 2;
				DEVELOPMENT_TEAM = HR7P97SD72;
				ENABLE_HARDENED_RUNTIME = YES;
				INFOPLIST_FILE = "Hacker Smacker/Info.plist";
				LD_RUNPATH_SEARCH_PATHS = (
					"$(inherited)",
					"@executable_path/../Frameworks",
				);
				PRODUCT_BUNDLE_IDENTIFIER = "com.hackersmacker.Hacker-Smacker";
				PRODUCT_NAME = "$(TARGET_NAME)";
				SWIFT_VERSION = 5.0;
			};
			name = Debug;
		};
		FFBA9B9E2434D6F100FBDAAD /* Release */ = {
			isa = XCBuildConfiguration;
			buildSettings = {
				ALWAYS_EMBED_SWIFT_STANDARD_LIBRARIES = YES;
				ASSETCATALOG_COMPILER_APPICON_NAME = AppIcon;
				CODE_SIGN_ENTITLEMENTS = "Hacker Smacker/Hacker_Smacker.entitlements";
				CODE_SIGN_STYLE = Automatic;
				COMBINE_HIDPI_IMAGES = YES;
				CURRENT_PROJECT_VERSION = 2;
				DEVELOPMENT_TEAM = HR7P97SD72;
				ENABLE_HARDENED_RUNTIME = YES;
				INFOPLIST_FILE = "Hacker Smacker/Info.plist";
				LD_RUNPATH_SEARCH_PATHS = (
					"$(inherited)",
					"@executable_path/../Frameworks",
				);
				PRODUCT_BUNDLE_IDENTIFIER = "com.hackersmacker.Hacker-Smacker";
				PRODUCT_NAME = "$(TARGET_NAME)";
				SWIFT_VERSION = 5.0;
			};
			name = Release;
		};
/* End XCBuildConfiguration section */

/* Begin XCConfigurationList section */
		FFBA9B692434D6F000FBDAAD /* Build configuration list for PBXProject "Hacker Smacker" */ = {
			isa = XCConfigurationList;
			buildConfigurations = (
				FFBA9B962434D6F100FBDAAD /* Debug */,
				FFBA9B972434D6F100FBDAAD /* Release */,
			);
			defaultConfigurationIsVisible = 0;
			defaultConfigurationName = Release;
		};
		FFBA9B982434D6F100FBDAAD /* Build configuration list for PBXNativeTarget "Hacker Smacker Extension" */ = {
			isa = XCConfigurationList;
			buildConfigurations = (
				FFBA9B992434D6F100FBDAAD /* Debug */,
				FFBA9B9A2434D6F100FBDAAD /* Release */,
			);
			defaultConfigurationIsVisible = 0;
			defaultConfigurationName = Release;
		};
		FFBA9B9C2434D6F100FBDAAD /* Build configuration list for PBXNativeTarget "Hacker Smacker" */ = {
			isa = XCConfigurationList;
			buildConfigurations = (
				FFBA9B9D2434D6F100FBDAAD /* Debug */,
				FFBA9B9E2434D6F100FBDAAD /* Release */,
			);
			defaultConfigurationIsVisible = 0;
			defaultConfigurationName = Release;
		};
/* End XCConfigurationList section */
	};
	rootObject = FFBA9B662434D6F000FBDAAD /* Project object */;
}
